<?xml version="1.0" encoding="utf-8"?>
<Project ToolsVersion="4.0" xmlns="http://schemas.microsoft.com/developer/msbuild/2003">
  <ItemGroup>
    <Filter Include="Header Files">
      <UniqueIdentifier>{93995380-89BD-4b04-88EB-625FBE52EBFB}</UniqueIdentifier>
      <Extensions>h;hh;hpp;hxx;hm;inl;inc;xsd</Extensions>
    </Filter>
    <Filter Include="Resource Files">
      <UniqueIdentifier>{67DA6AB6-F800-4c08-8B7A-83BB121AAD01}</UniqueIdentifier>
      <Extensions>rc;ico;cur;bmp;dlg;rc2;rct;bin;rgs;gif;jpg;jpeg;jpe;resx;tiff;tif;png;wav;mfcribbon-ms</Extensions>
    </Filter>
    <Filter Include="Source Files">
      <UniqueIdentifier>{4FC737F1-C7A5-4376-A066-2A32D752A2FF}</UniqueIdentifier>
      <Extensions>cpp;c;cc;cxx;def;odl;idl;hpj;bat;asm;asmx</Extensions>
    </Filter>
  </ItemGroup>
  <ItemGroup>
    <ClInclude Include="avisynth.h">
      <Filter>Header Files</Filter>
    </ClInclude>
    <ClInclude Include="CDuplicate.h">
      <Filter>Header Files</Filter>
    </ClInclude>
    <ClInclude Include="CInterpolateDuplicate.h">
      <Filter>Header Files</Filter>
    </ClInclude>
    <ClInclude Include="CFieldDeBlend.h">
      <Filter>Header Files</Filter>
    </ClInclude>
    <ClInclude Include="CSceneChange.h">
      <Filter>Header Files</Filter>
    </ClInclude>
    <ClInclude Include="CSetPattern.h">
      <Filter>Header Files</Filter>
    </ClInclude>
    <ClInclude Include="CTelecine.h">
      <Filter>Header Files</Filter>
    </ClInclude>
    <ClInclude Include="CPostProcessing.h">
      <Filter>Header Files</Filter>
    </ClInclude>
    <ClInclude Include="CDecimate.h">
      <Filter>Header Files</Filter>
    </ClInclude>
    <ClInclude Include="CDegrain.h">
      <Filter>Header Files</Filter>
    </ClInclude>
    <ClInclude Include="CSharpen.h">
      <Filter>Header Files</Filter>
    </ClInclude>
    <ClInclude Include="CDeHalo.h">
      <Filter>Header Files</Filter>
    </ClInclude>
    <ClInclude Include="CAntiAliasing.h">
      <Filter>Header Files</Filter>
    </ClInclude>
    <ClInclude Include="CTemporalSoften.h">
      <Filter>Header Files</Filter>
    </ClInclude>
    <ClInclude Include="CReplaceDuplicate.h">
      <Filter>Header Files</Filter>
    </ClInclude>
  </ItemGroup>
  <ItemGroup>
    <ClCompile Include="AvisynthPluginInit.cpp">
      <Filter>Source Files</Filter>
    </ClCompile>
    <ClCompile Include="CDuplicate.cpp">
      <Filter>Source Files</Filter>
    </ClCompile>
    <ClCompile Include="CInterpolateDuplicate.cpp">
      <Filter>Source Files</Filter>
    </ClCompile>
    <ClCompile Include="CFieldDeBlend.cpp">
      <Filter>Source Files</Filter>
    </ClCompile>
    <ClCompile Include="CSceneChange.cpp">
      <Filter>Source Files</Filter>
    </ClCompile>
    <ClCompile Include="CSetPattern.cpp">
      <Filter>Source Files</Filter>
    </ClCompile>
    <ClCompile Include="CTelecine.cpp">
      <Filter>Source Files</Filter>
    </ClCompile>
    <ClCompile Include="CPostProcessing.cpp">
      <Filter>Source Files</Filter>
    </ClCompile>
    <ClCompile Include="CDecimate.cpp">
      <Filter>Source Files</Filter>
    </ClCompile>
    <ClCompile Include="CDegrain.cpp">
      <Filter>Source Files</Filter>
    </ClCompile>
    <ClCompile Include="CSharpen.cpp">
      <Filter>Source Files</Filter>
    </ClCompile>
    <ClCompile Include="CDeHalo.cpp">
      <Filter>Source Files</Filter>
    </ClCompile>
    <ClCompile Include="CAntiAliasing.cpp">
      <Filter>Source Files</Filter>
    </ClCompile>
    <ClCompile Include="CTemporalSoften.cpp">
      <Filter>Source Files</Filter>
    </ClCompile>
    <ClCompile Include="CReplaceDuplicate.cpp">
      <Filter>Source Files</Filter>
    </ClCompile>
  </ItemGroup>
</Project>